
Microsoft Visual Studio Solution File, Format Version 12.00
# Visual Studio 15
VisualStudioVersion = 15.0.27428.2011
MinimumVisualStudioVersion = 10.0.40219.1
Project("{FAE04EC0-301F-11D3-BF4B-00C04F79EFBC}") = "XFMasterDetailPageNavigation.Android", "XFMasterDetailPageNavigation\XFMasterDetailPageNavigation.Android\XFMasterDetailPageNavigation.Android.csproj", "{5D8A762B-90A6-4FB8-8DD8-5FF2F51AB043}"
EndProject
Project("{FAE04EC0-301F-11D3-BF4B-00C04F79EFBC}") = "XFMasterDetailPageNavigation.iOS", "XFMasterDetailPageNavigation\XFMasterDetailPageNavigation.iOS\XFMasterDetailPageNavigation.iOS.csproj", "{54A16140-0FF8-412E-B727-24F5491BEED1}"
EndProject
Project("{FAE04EC0-301F-11D3-BF4B-00C04F79EFBC}") = "XFMasterDetailPageNavigation.UWP", "XFMasterDetailPageNavigation\XFMasterDetailPageNavigation.UWP\XFMasterDetailPageNavigation.UWP.csproj", "{4BBBEF07-10DE-4697-B293-C149061B5C34}"
EndProject
Project("{FAE04EC0-301F-11D3-BF4B-00C04F79EFBC}") = "XFMasterDetailPageNavigation", "XFMasterDetailPageNavigation\XFMasterDetailPageNavigation\XFMasterDetailPageNavigation.csproj", "{5700357D-2366-42E9-82B9-56E500C292CC}"
EndProject
Global
	GlobalSection(SolutionConfigurationPlatforms) = preSolution
		Ad-Hoc|Any CPU = Ad-Hoc|Any CPU
		Ad-Hoc|ARM = Ad-Hoc|ARM
		Ad-Hoc|iPhone = Ad-Hoc|iPhone
		Ad-Hoc|iPhoneSimulator = Ad-Hoc|iPhoneSimulator
		Ad-Hoc|x64 = Ad-Hoc|x64
		Ad-Hoc|x86 = Ad-Hoc|x86
		AppStore|Any CPU = AppStore|Any CPU
		AppStore|ARM = AppStore|ARM
		AppStore|iPhone = AppStore|iPhone
		AppStore|iPhoneSimulator = AppStore|iPhoneSimulator
		AppStore|x64 = AppStore|x64
		AppStore|x86 = AppStore|x86
		Debug|Any CPU = Debug|Any CPU
		Debug|ARM = Debug|ARM
		Debug|iPhone = Debug|iPhone
		Debug|iPhoneSimulator = Debug|iPhoneSimulator
		Debug|x64 = Debug|x64
		Debug|x86 = Debug|x86
		Release|Any CPU = Release|Any CPU
		Release|ARM = Release|ARM
		Release|iPhone = Release|iPhone
		Release|iPhoneSimulator = Release|iPhoneSimulator
		Release|x64 = Release|x64
		Release|x86 = Release|x86
	EndGlobalSection
	GlobalSection(ProjectConfigurationPlatforms) = postSolution
		{5D8A762B-90A6-4FB8-8DD8-5FF2F51AB043}.Ad-Hoc|Any CPU.ActiveCfg = Release|Any CPU
		{5D8A762B-90A6-4FB8-8DD8-5FF2F51AB043}.Ad-Hoc|Any CPU.Build.0 = Release|Any CPU
		{5D8A762B-90A6-4FB8-8DD8-5FF2F51AB043}.Ad-Hoc|Any CPU.Deploy.0 = Release|Any CPU
		{5D8A762B-90A6-4FB8-8DD8-5FF2F51AB043}.Ad-Hoc|ARM.ActiveCfg = Release|Any CPU
		{5D8A762B-90A6-4FB8-8DD8-5FF2F51AB043}.Ad-Hoc|ARM.Build.0 = Release|Any CPU
		{5D8A762B-90A6-4FB8-8DD8-5FF2F51AB043}.Ad-Hoc|ARM.Deploy.0 = Release|Any CPU
		{5D8A762B-90A6-4FB8-8DD8-5FF2F51AB043}.Ad-Hoc|iPhone.ActiveCfg = Release|Any CPU
		{5D8A762B-90A6-4FB8-8DD8-5FF2F51AB043}.Ad-Hoc|iPhone.Build.0 = Release|Any CPU
		{5D8A762B-90A6-4FB8-8DD8-5FF2F51AB043}.Ad-Hoc|iPhone.Deploy.0 = Release|Any CPU
		{5D8A762B-90A6-4FB8-8DD8-5FF2F51AB043}.Ad-Hoc|iPhoneSimulator.ActiveCfg = Release|Any CPU
		{5D8A762B-90A6-4FB8-8DD8-5FF2F51AB043}.Ad-Hoc|iPhoneSimulator.Build.0 = Release|Any CPU
		{5D8A762B-90A6-4FB8-8DD8-5FF2F51AB043}.Ad-Hoc|iPhoneSimulator.Deploy.0 = Release|Any CPU
		{5D8A762B-90A6-4FB8-8DD8-5FF2F51AB043}.Ad-Hoc|x64.ActiveCfg = Release|Any CPU
		{5D8A762B-90A6-4FB8-8DD8-5FF2F51AB043}.Ad-Hoc|x64.Build.0 = Release|Any CPU
		{5D8A762B-90A6-4FB8-8DD8-5FF2F51AB043}.Ad-Hoc|x64.Deploy.0 = Release|Any CPU
		{5D8A762B-90A6-4FB8-8DD8-5FF2F51AB043}.Ad-Hoc|x86.ActiveCfg = Release|Any CPU
		{5D8A762B-90A6-4FB8-8DD8-5FF2F51AB043}.Ad-Hoc|x86.Build.0 = Release|Any CPU
		{5D8A762B-90A6-4FB8-8DD8-5FF2F51AB043}.Ad-Hoc|x86.Deploy.0 = Release|Any CPU
		{5D8A762B-90A6-4FB8-8DD8-5FF2F51AB043}.AppStore|Any CPU.ActiveCfg = Release|Any CPU
		{5D8A762B-90A6-4FB8-8DD8-5FF2F51AB043}.AppStore|Any CPU.Build.0 = Release|Any CPU
		{5D8A762B-90A6-4FB8-8DD8-5FF2F51AB043}.AppStore|Any CPU.Deploy.0 = Release|Any CPU
		{5D8A762B-90A6-4FB8-8DD8-5FF2F51AB043}.AppStore|ARM.ActiveCfg = Release|Any CPU
		{5D8A762B-90A6-4FB8-8DD8-5FF2F51AB043}.AppStore|ARM.Build.0 = Release|Any CPU
		{5D8A762B-90A6-4FB8-8DD8-5FF2F51AB043}.AppStore|ARM.Deploy.0 = Release|Any CPU
		{5D8A762B-90A6-4FB8-8DD8-5FF2F51AB043}.AppStore|iPhone.ActiveCfg = Release|Any CPU
		{5D8A762B-90A6-4FB8-8DD8-5FF2F51AB043}.AppStore|iPhone.Build.0 = Release|Any CPU
		{5D8A762B-90A6-4FB8-8DD8-5FF2F51AB043}.AppStore|iPhone.Deploy.0 = Release|Any CPU
		{5D8A762B-90A6-4FB8-8DD8-5FF2F51AB043}.AppStore|iPhoneSimulator.ActiveCfg = Release|Any CPU
		{5D8A762B-90A6-4FB8-8DD8-5FF2F51AB043}.AppStore|iPhoneSimulator.Build.0 = Release|Any CPU
		{5D8A762B-90A6-4FB8-8DD8-5FF2F51AB043}.AppStore|iPhoneSimulator.Deploy.0 = Release|Any CPU
		{5D8A762B-90A6-4FB8-8DD8-5FF2F51AB043}.AppStore|x64.ActiveCfg = Release|Any CPU
		{5D8A762B-90A6-4FB8-8DD8-5FF2F51AB043}.AppStore|x64.Build.0 = Release|Any CPU
		{5D8A762B-90A6-4FB8-8DD8-5FF2F51AB043}.AppStore|x64.Deploy.0 = Release|Any CPU
		{5D8A762B-90A6-4FB8-8DD8-5FF2F51AB043}.AppStore|x86.ActiveCfg = Release|Any CPU
		{5D8A762B-90A6-4FB8-8DD8-5FF2F51AB043}.AppStore|x86.Build.0 = Release|Any CPU
		{5D8A762B-90A6-4FB8-8DD8-5FF2F51AB043}.AppStore|x86.Deploy.0 = Release|Any CPU
		{5D8A762B-90A6-4FB8-8DD8-5FF2F51AB043}.Debug|Any CPU.ActiveCfg = Debug|Any CPU
		{5D8A762B-90A6-4FB8-8DD8-5FF2F51AB043}.Debug|Any CPU.Build.0 = Debug|Any CPU
		{5D8A762B-90A6-4FB8-8DD8-5FF2F51AB043}.Debug|Any CPU.Deploy.0 = Debug|Any CPU
		{5D8A762B-90A6-4FB8-8DD8-5FF2F51AB043}.Debug|ARM.ActiveCfg = Debug|Any CPU
		{5D8A762B-90A6-4FB8-8DD8-5FF2F51AB043}.Debug|ARM.Build.0 = Debug|Any CPU
		{5D8A762B-90A6-4FB8-8DD8-5FF2F51AB043}.Debug|ARM.Deploy.0 = Debug|Any CPU
		{5D8A762B-90A6-4FB8-8DD8-5FF2F51AB043}.Debug|iPhone.ActiveCfg = Debug|Any CPU
		{5D8A762B-90A6-4FB8-8DD8-5FF2F51AB043}.Debug|iPhone.Build.0 = Debug|Any CPU
		{5D8A762B-90A6-4FB8-8DD8-5FF2F51AB043}.Debug|iPhone.Deploy.0 = Debug|Any CPU
		{5D8A762B-90A6-4FB8-8DD8-5FF2F51AB043}.Debug|iPhoneSimulator.ActiveCfg = Debug|Any CPU
		{5D8A762B-90A6-4FB8-8DD8-5FF2F51AB043}.Debug|iPhoneSimulator.Build.0 = Debug|Any CPU
		{5D8A762B-90A6-4FB8-8DD8-5FF2F51AB043}.Debug|iPhoneSimulator.Deploy.0 = Debug|Any CPU
		{5D8A762B-90A6-4FB8-8DD8-5FF2F51AB043}.Debug|x64.ActiveCfg = Debug|Any CPU
		{5D8A762B-90A6-4FB8-8DD8-5FF2F51AB043}.Debug|x64.Build.0 = Debug|Any CPU
		{5D8A762B-90A6-4FB8-8DD8-5FF2F51AB043}.Debug|x64.Deploy.0 = Debug|Any CPU
		{5D8A762B-90A6-4FB8-8DD8-5FF2F51AB043}.Debug|x86.ActiveCfg = Debug|Any CPU
		{5D8A762B-90A6-4FB8-8DD8-5FF2F51AB043}.Debug|x86.Build.0 = Debug|Any CPU
		{5D8A762B-90A6-4FB8-8DD8-5FF2F51AB043}.Debug|x86.Deploy.0 = Debug|Any CPU
		{5D8A762B-90A6-4FB8-8DD8-5FF2F51AB043}.Release|Any CPU.ActiveCfg = Release|Any CPU
		{5D8A762B-90A6-4FB8-8DD8-5FF2F51AB043}.Release|Any CPU.Build.0 = Release|Any CPU
		{5D8A762B-90A6-4FB8-8DD8-5FF2F51AB043}.Release|Any CPU.Deploy.0 = Release|Any CPU
		{5D8A762B-90A6-4FB8-8DD8-5FF2F51AB043}.Release|ARM.ActiveCfg = Release|Any CPU
		{5D8A762B-90A6-4FB8-8DD8-5FF2F51AB043}.Release|ARM.Build.0 = Release|Any CPU
		{5D8A762B-90A6-4FB8-8DD8-5FF2F51AB043}.Release|ARM.Deploy.0 = Release|Any CPU
		{5D8A762B-90A6-4FB8-8DD8-5FF2F51AB043}.Release|iPhone.ActiveCfg = Release|Any CPU
		{5D8A762B-90A6-4FB8-8DD8-5FF2F51AB043}.Release|iPhone.Build.0 = Release|Any CPU
		{5D8A762B-90A6-4FB8-8DD8-5FF2F51AB043}.Release|iPhone.Deploy.0 = Release|Any CPU
		{5D8A762B-90A6-4FB8-8DD8-5FF2F51AB043}.Release|iPhoneSimulator.ActiveCfg = Release|Any CPU
		{5D8A762B-90A6-4FB8-8DD8-5FF2F51AB043}.Release|iPhoneSimulator.Build.0 = Release|Any CPU
		{5D8A762B-90A6-4FB8-8DD8-5FF2F51AB043}.Release|iPhoneSimulator.Deploy.0 = Release|Any CPU
		{5D8A762B-90A6-4FB8-8DD8-5FF2F51AB043}.Release|x64.ActiveCfg = Release|Any CPU
		{5D8A762B-90A6-4FB8-8DD8-5FF2F51AB043}.Release|x64.Build.0 = Release|Any CPU
		{5D8A762B-90A6-4FB8-8DD8-5FF2F51AB043}.Release|x64.Deploy.0 = Release|Any CPU
		{5D8A762B-90A6-4FB8-8DD8-5FF2F51AB043}.Release|x86.ActiveCfg = Release|Any CPU
		{5D8A762B-90A6-4FB8-8DD8-5FF2F51AB043}.Release|x86.Build.0 = Release|Any CPU
		{5D8A762B-90A6-4FB8-8DD8-5FF2F51AB043}.Release|x86.Deploy.0 = Release|Any CPU
		{54A16140-0FF8-412E-B727-24F5491BEED1}.Ad-Hoc|Any CPU.ActiveCfg = Ad-Hoc|iPhone
		{54A16140-0FF8-412E-B727-24F5491BEED1}.Ad-Hoc|ARM.ActiveCfg = Ad-Hoc|iPhone
		{54A16140-0FF8-412E-B727-24F5491BEED1}.Ad-Hoc|iPhone.ActiveCfg = Ad-Hoc|iPhone
		{54A16140-0FF8-412E-B727-24F5491BEED1}.Ad-Hoc|iPhone.Build.0 = Ad-Hoc|iPhone
		{54A16140-0FF8-412E-B727-24F5491BEED1}.Ad-Hoc|iPhoneSimulator.ActiveCfg = Ad-Hoc|iPhoneSimulator
		{54A16140-0FF8-412E-B727-24F5491BEED1}.Ad-Hoc|iPhoneSimulator.Build.0 = Ad-Hoc|iPhoneSimulator
		{54A16140-0FF8-412E-B727-24F5491BEED1}.Ad-Hoc|x64.ActiveCfg = Ad-Hoc|iPhone
		{54A16140-0FF8-412E-B727-24F5491BEED1}.Ad-Hoc|x86.ActiveCfg = Ad-Hoc|iPhone
		{54A16140-0FF8-412E-B727-24F5491BEED1}.AppStore|Any CPU.ActiveCfg = AppStore|iPhone
		{54A16140-0FF8-412E-B727-24F5491BEED1}.AppStore|ARM.ActiveCfg = AppStore|iPhone
		{54A16140-0FF8-412E-B727-24F5491BEED1}.AppStore|iPhone.ActiveCfg = AppStore|iPhone
		{54A16140-0FF8-412E-B727-24F5491BEED1}.AppStore|iPhone.Build.0 = AppStore|iPhone
		{54A16140-0FF8-412E-B727-24F5491BEED1}.AppStore|iPhoneSimulator.ActiveCfg = AppStore|iPhoneSimulator
		{54A16140-0FF8-412E-B727-24F5491BEED1}.AppStore|iPhoneSimulator.Build.0 = AppStore|iPhoneSimulator
		{54A16140-0FF8-412E-B727-24F5491BEED1}.AppStore|x64.ActiveCfg = AppStore|iPhone
		{54A16140-0FF8-412E-B727-24F5491BEED1}.AppStore|x86.ActiveCfg = AppStore|iPhone
		{54A16140-0FF8-412E-B727-24F5491BEED1}.Debug|Any CPU.ActiveCfg = Debug|iPhone
		{54A16140-0FF8-412E-B727-24F5491BEED1}.Debug|ARM.ActiveCfg = Debug|iPhone
		{54A16140-0FF8-412E-B727-24F5491BEED1}.Debug|iPhone.ActiveCfg = Debug|iPhone
		{54A16140-0FF8-412E-B727-24F5491BEED1}.Debug|iPhone.Build.0 = Debug|iPhone
		{54A16140-0FF8-412E-B727-24F5491BEED1}.Debug|iPhoneSimulator.ActiveCfg = Debug|iPhoneSimulator
		{54A16140-0FF8-412E-B727-24F5491BEED1}.Debug|iPhoneSimulator.Build.0 = Debug|iPhoneSimulator
		{54A16140-0FF8-412E-B727-24F5491BEED1}.Debug|x64.ActiveCfg = Debug|iPhone
		{54A16140-0FF8-412E-B727-24F5491BEED1}.Debug|x86.ActiveCfg = Debug|iPhone
		{54A16140-0FF8-412E-B727-24F5491BEED1}.Release|Any CPU.ActiveCfg = Release|iPhone
		{54A16140-0FF8-412E-B727-24F5491BEED1}.Release|ARM.ActiveCfg = Release|iPhone
		{54A16140-0FF8-412E-B727-24F5491BEED1}.Release|iPhone.ActiveCfg = Release|iPhone
		{54A16140-0FF8-412E-B727-24F5491BEED1}.Release|iPhone.Build.0 = Release|iPhone
		{54A16140-0FF8-412E-B727-24F5491BEED1}.Release|iPhoneSimulator.ActiveCfg = Release|iPhoneSimulator
		{54A16140-0FF8-412E-B727-24F5491BEED1}.Release|iPhoneSimulator.Build.0 = Release|iPhoneSimulator
		{54A16140-0FF8-412E-B727-24F5491BEED1}.Release|x64.ActiveCfg = Release|iPhone
		{54A16140-0FF8-412E-B727-24F5491BEED1}.Release|x86.ActiveCfg = Release|iPhone
		{4BBBEF07-10DE-4697-B293-C149061B5C34}.Ad-Hoc|Any CPU.ActiveCfg = Release|x86
		{4BBBEF07-10DE-4697-B293-C149061B5C34}.Ad-Hoc|Any CPU.Build.0 = Release|x86
		{4BBBEF07-10DE-4697-B293-C149061B5C34}.Ad-Hoc|Any CPU.Deploy.0 = Release|x86
		{4BBBEF07-10DE-4697-B293-C149061B5C34}.Ad-Hoc|ARM.ActiveCfg = Release|ARM
		{4BBBEF07-10DE-4697-B293-C149061B5C34}.Ad-Hoc|ARM.Build.0 = Release|ARM
		{4BBBEF07-10DE-4697-B293-C149061B5C34}.Ad-Hoc|ARM.Deploy.0 = Release|ARM
		{4BBBEF07-10DE-4697-B293-C149061B5C34}.Ad-Hoc|iPhone.ActiveCfg = Release|x86
		{4BBBEF07-10DE-4697-B293-C149061B5C34}.Ad-Hoc|iPhone.Build.0 = Release|x86
		{4BBBEF07-10DE-4697-B293-C149061B5C34}.Ad-Hoc|iPhone.Deploy.0 = Release|x86
		{4BBBEF07-10DE-4697-B293-C149061B5C34}.Ad-Hoc|iPhoneSimulator.ActiveCfg = Release|x86
		{4BBBEF07-10DE-4697-B293-C149061B5C34}.Ad-Hoc|iPhoneSimulator.Build.0 = Release|x86
		{4BBBEF07-10DE-4697-B293-C149061B5C34}.Ad-Hoc|iPhoneSimulator.Deploy.0 = Release|x86
		{4BBBEF07-10DE-4697-B293-C149061B5C34}.Ad-Hoc|x64.ActiveCfg = Release|x64
		{4BBBEF07-10DE-4697-B293-C149061B5C34}.Ad-Hoc|x64.Build.0 = Release|x64
		{4BBBEF07-10DE-4697-B293-C149061B5C34}.Ad-Hoc|x64.Deploy.0 = Release|x64
		{4BBBEF07-10DE-4697-B293-C149061B5C34}.Ad-Hoc|x86.ActiveCfg = Release|x86
		{4BBBEF07-10DE-4697-B293-C149061B5C34}.Ad-Hoc|x86.Build.0 = Release|x86
		{4BBBEF07-10DE-4697-B293-C149061B5C34}.Ad-Hoc|x86.Deploy.0 = Release|x86
		{4BBBEF07-10DE-4697-B293-C149061B5C34}.AppStore|Any CPU.ActiveCfg = Release|x86
		{4BBBEF07-10DE-4697-B293-C149061B5C34}.AppStore|Any CPU.Build.0 = Release|x86
		{4BBBEF07-10DE-4697-B293-C149061B5C34}.AppStore|Any CPU.Deploy.0 = Release|x86
		{4BBBEF07-10DE-4697-B293-C149061B5C34}.AppStore|ARM.ActiveCfg = Release|ARM
		{4BBBEF07-10DE-4697-B293-C149061B5C34}.AppStore|ARM.Build.0 = Release|ARM
		{4BBBEF07-10DE-4697-B293-C149061B5C34}.AppStore|ARM.Deploy.0 = Release|ARM
		{4BBBEF07-10DE-4697-B293-C149061B5C34}.AppStore|iPhone.ActiveCfg = Release|x86
		{4BBBEF07-10DE-4697-B293-C149061B5C34}.AppStore|iPhone.Build.0 = Release|x86
		{4BBBEF07-10DE-4697-B293-C149061B5C34}.AppStore|iPhone.Deploy.0 = Release|x86
		{4BBBEF07-10DE-4697-B293-C149061B5C34}.AppStore|iPhoneSimulator.ActiveCfg = Release|x86
		{4BBBEF07-10DE-4697-B293-C149061B5C34}.AppStore|iPhoneSimulator.Build.0 = Release|x86
		{4BBBEF07-10DE-4697-B293-C149061B5C34}.AppStore|iPhoneSimulator.Deploy.0 = Release|x86
		{4BBBEF07-10DE-4697-B293-C149061B5C34}.AppStore|x64.ActiveCfg = Release|x64
		{4BBBEF07-10DE-4697-B293-C149061B5C34}.AppStore|x64.Build.0 = Release|x64
		{4BBBEF07-10DE-4697-B293-C149061B5C34}.AppStore|x64.Deploy.0 = Release|x64
		{4BBBEF07-10DE-4697-B293-C149061B5C34}.AppStore|x86.ActiveCfg = Release|x86
		{4BBBEF07-10DE-4697-B293-C149061B5C34}.AppStore|x86.Build.0 = Release|x86
		{4BBBEF07-10DE-4697-B293-C149061B5C34}.AppStore|x86.Deploy.0 = Release|x86
		{4BBBEF07-10DE-4697-B293-C149061B5C34}.Debug|Any CPU.ActiveCfg = Debug|x86
		{4BBBEF07-10DE-4697-B293-C149061B5C34}.Debug|ARM.ActiveCfg = Debug|ARM
		{4BBBEF07-10DE-4697-B293-C149061B5C34}.Debug|ARM.Build.0 = Debug|ARM
		{4BBBEF07-10DE-4697-B293-C149061B5C34}.Debug|ARM.Deploy.0 = Debug|ARM
		{4BBBEF07-10DE-4697-B293-C149061B5C34}.Debug|iPhone.ActiveCfg = Debug|x86
		{4BBBEF07-10DE-4697-B293-C149061B5C34}.Debug|iPhoneSimulator.ActiveCfg = Debug|x86
		{4BBBEF07-10DE-4697-B293-C149061B5C34}.Debug|x64.ActiveCfg = Debug|x64
		{4BBBEF07-10DE-4697-B293-C149061B5C34}.Debug|x64.Build.0 = Debug|x64
		{4BBBEF07-10DE-4697-B293-C149061B5C34}.Debug|x64.Deploy.0 = Debug|x64
		{4BBBEF07-10DE-4697-B293-C149061B5C34}.Debug|x86.ActiveCfg = Debug|x86
		{4BBBEF07-10DE-4697-B293-C149061B5C34}.Debug|x86.Build.0 = Debug|x86
		{4BBBEF07-10DE-4697-B293-C149061B5C34}.Debug|x86.Deploy.0 = Debug|x86
		{4BBBEF07-10DE-4697-B293-C149061B5C34}.Release|Any CPU.ActiveCfg = Release|x86
		{4BBBEF07-10DE-4697-B293-C149061B5C34}.Release|ARM.ActiveCfg = Release|ARM
		{4BBBEF07-10DE-4697-B293-C149061B5C34}.Release|ARM.Build.0 = Release|ARM
		{4BBBEF07-10DE-4697-B293-C149061B5C34}.Release|ARM.Deploy.0 = Release|ARM
		{4BBBEF07-10DE-4697-B293-C149061B5C34}.Release|iPhone.ActiveCfg = Release|x86
		{4BBBEF07-10DE-4697-B293-C149061B5C34}.Release|iPhoneSimulator.ActiveCfg = Release|x86
		{4BBBEF07-10DE-4697-B293-C149061B5C34}.Release|x64.ActiveCfg = Release|x64
		{4BBBEF07-10DE-4697-B293-C149061B5C34}.Release|x64.Build.0 = Release|x64
		{4BBBEF07-10DE-4697-B293-C149061B5C34}.Release|x64.Deploy.0 = Release|x64
		{4BBBEF07-10DE-4697-B293-C149061B5C34}.Release|x86.ActiveCfg = Release|x86
		{4BBBEF07-10DE-4697-B293-C149061B5C34}.Release|x86.Build.0 = Release|x86
		{4BBBEF07-10DE-4697-B293-C149061B5C34}.Release|x86.Deploy.0 = Release|x86
		{5700357D-2366-42E9-82B9-56E500C292CC}.Ad-Hoc|Any CPU.ActiveCfg = Debug|Any CPU
		{5700357D-2366-42E9-82B9-56E500C292CC}.Ad-Hoc|Any CPU.Build.0 = Debug|Any CPU
		{5700357D-2366-42E9-82B9-56E500C292CC}.Ad-Hoc|ARM.ActiveCfg = Debug|Any CPU
		{5700357D-2366-42E9-82B9-56E500C292CC}.Ad-Hoc|ARM.Build.0 = Debug|Any CPU
		{5700357D-2366-42E9-82B9-56E500C292CC}.Ad-Hoc|iPhone.ActiveCfg = Debug|Any CPU
		{5700357D-2366-42E9-82B9-56E500C292CC}.Ad-Hoc|iPhone.Build.0 = Debug|Any CPU
		{5700357D-2366-42E9-82B9-56E500C292CC}.Ad-Hoc|iPhoneSimulator.ActiveCfg = Debug|Any CPU
		{5700357D-2366-42E9-82B9-56E500C292CC}.Ad-Hoc|iPhoneSimulator.Build.0 = Debug|Any CPU
		{5700357D-2366-42E9-82B9-56E500C292CC}.Ad-Hoc|x64.ActiveCfg = Debug|Any CPU
		{5700357D-2366-42E9-82B9-56E500C292CC}.Ad-Hoc|x64.Build.0 = Debug|Any CPU
		{5700357D-2366-42E9-82B9-56E500C292CC}.Ad-Hoc|x86.ActiveCfg = Debug|Any CPU
		{5700357D-2366-42E9-82B9-56E500C292CC}.Ad-Hoc|x86.Build.0 = Debug|Any CPU
		{5700357D-2366-42E9-82B9-56E500C292CC}.AppStore|Any CPU.ActiveCfg = Debug|Any CPU
		{5700357D-2366-42E9-82B9-56E500C292CC}.AppStore|Any CPU.Build.0 = Debug|Any CPU
		{5700357D-2366-42E9-82B9-56E500C292CC}.AppStore|ARM.ActiveCfg = Debug|Any CPU
		{5700357D-2366-42E9-82B9-56E500C292CC}.AppStore|ARM.Build.0 = Debug|Any CPU
		{5700357D-2366-42E9-82B9-56E500C292CC}.AppStore|iPhone.ActiveCfg = Debug|Any CPU
		{5700357D-2366-42E9-82B9-56E500C292CC}.AppStore|iPhone.Build.0 = Debug|Any CPU
		{5700357D-2366-42E9-82B9-56E500C292CC}.AppStore|iPhoneSimulator.ActiveCfg = Debug|Any CPU
		{5700357D-2366-42E9-82B9-56E500C292CC}.AppStore|iPhoneSimulator.Build.0 = Debug|Any CPU
		{5700357D-2366-42E9-82B9-56E500C292CC}.AppStore|x64.ActiveCfg = Debug|Any CPU
		{5700357D-2366-42E9-82B9-56E500C292CC}.AppStore|x64.Build.0 = Debug|Any CPU
		{5700357D-2366-42E9-82B9-56E500C292CC}.AppStore|x86.ActiveCfg = Debug|Any CPU
		{5700357D-2366-42E9-82B9-56E500C292CC}.AppStore|x86.Build.0 = Debug|Any CPU
		{5700357D-2366-42E9-82B9-56E500C292CC}.Debug|Any CPU.ActiveCfg = Debug|Any CPU
		{5700357D-2366-42E9-82B9-56E500C292CC}.Debug|Any CPU.Build.0 = Debug|Any CPU
		{5700357D-2366-42E9-82B9-56E500C292CC}.Debug|ARM.ActiveCfg = Debug|Any CPU
		{5700357D-2366-42E9-82B9-56E500C292CC}.Debug|ARM.Build.0 = Debug|Any CPU
		{5700357D-2366-42E9-82B9-56E500C292CC}.Debug|iPhone.ActiveCfg = Debug|Any CPU
		{5700357D-2366-42E9-82B9-56E500C292CC}.Debug|iPhone.Build.0 = Debug|Any CPU
		{5700357D-2366-42E9-82B9-56E500C292CC}.Debug|iPhoneSimulator.ActiveCfg = Debug|Any CPU
		{5700357D-2366-42E9-82B9-56E500C292CC}.Debug|iPhoneSimulator.Build.0 = Debug|Any CPU
		{5700357D-2366-42E9-82B9-56E500C292CC}.Debug|x64.ActiveCfg = Debug|Any CPU
		{5700357D-2366-42E9-82B9-56E500C292CC}.Debug|x64.Build.0 = Debug|Any CPU
		{5700357D-2366-42E9-82B9-56E500C292CC}.Debug|x86.ActiveCfg = Debug|Any CPU
		{5700357D-2366-42E9-82B9-56E500C292CC}.Debug|x86.Build.0 = Debug|Any CPU
		{5700357D-2366-42E9-82B9-56E500C292CC}.Release|Any CPU.ActiveCfg = Release|Any CPU
		{5700357D-2366-42E9-82B9-56E500C292CC}.Release|Any CPU.Build.0 = Release|Any CPU
		{5700357D-2366-42E9-82B9-56E500C292CC}.Release|ARM.ActiveCfg = Release|Any CPU
		{5700357D-2366-42E9-82B9-56E500C292CC}.Release|ARM.Build.0 = Release|Any CPU
		{5700357D-2366-42E9-82B9-56E500C292CC}.Release|iPhone.ActiveCfg = Release|Any CPU
		{5700357D-2366-42E9-82B9-56E500C292CC}.Release|iPhone.Build.0 = Release|Any CPU
		{5700357D-2366-42E9-82B9-56E500C292CC}.Release|iPhoneSimulator.ActiveCfg = Release|Any CPU
		{5700357D-2366-42E9-82B9-56E500C292CC}.Release|iPhoneSimulator.Build.0 = Release|Any CPU
		{5700357D-2366-42E9-82B9-56E500C292CC}.Release|x64.ActiveCfg = Release|Any CPU
		{5700357D-2366-42E9-82B9-56E500C292CC}.Release|x64.Build.0 = Release|Any CPU
		{5700357D-2366-42E9-82B9-56E500C292CC}.Release|x86.ActiveCfg = Release|Any CPU
		{5700357D-2366-42E9-82B9-56E500C292CC}.Release|x86.Build.0 = Release|Any CPU
	EndGlobalSection
	GlobalSection(SolutionProperties) = preSolution
		HideSolutionNode = FALSE
	EndGlobalSection
	GlobalSection(ExtensibilityGlobals) = postSolution
		SolutionGuid = {98D0C6EA-019F-4814-84C3-D680CD59F4B2}
	EndGlobalSection
EndGlobal
